// !$*UTF8*$!
{
	archiveVersion = 1;
	classes = {
	};
	objectVersion = 46;
	objects = {

/* Begin PBXBuildFile section */
		697FB99371680823D1918532 /* Pods_PersonalHealthHelper.framework in Frameworks */ = {isa = PBXBuildFile; fileRef = 6E776FA5EE2C12B904CFC445 /* Pods_PersonalHealthHelper.framework */; };
		CEA1053E1C8579CC007BF5DB /* main.m in Sources */ = {isa = PBXBuildFile; fileRef = CEA1053D1C8579CC007BF5DB /* main.m */; };
		CEA105411C8579CC007BF5DB /* AppDelegate.m in Sources */ = {isa = PBXBuildFile; fileRef = CEA105401C8579CC007BF5DB /* AppDelegate.m */; };
		CEA105491C8579CC007BF5DB /* Assets.xcassets in Resources */ = {isa = PBXBuildFile; fileRef = CEA105481C8579CC007BF5DB /* Assets.xcassets */; };
		CEA1054C1C8579CC007BF5DB /* LaunchScreen.storyboard in Resources */ = {isa = PBXBuildFile; fileRef = CEA1054A1C8579CC007BF5DB /* LaunchScreen.storyboard */; };
		CEA105571C8579CD007BF5DB /* PersonalHealthHelperTests.m in Sources */ = {isa = PBXBuildFile; fileRef = CEA105561C8579CD007BF5DB /* PersonalHealthHelperTests.m */; };
		CEA105621C8579CD007BF5DB /* PersonalHealthHelperUITests.m in Sources */ = {isa = PBXBuildFile; fileRef = CEA105611C8579CD007BF5DB /* PersonalHealthHelperUITests.m */; };
		CEA1058D1C857A6A007BF5DB /* ShowApiRequest.swift in Sources */ = {isa = PBXBuildFile; fileRef = CEA1058C1C857A6A007BF5DB /* ShowApiRequest.swift */; };
		CEA105A41C857E69007BF5DB /* PHInformationViewController.m in Sources */ = {isa = PBXBuildFile; fileRef = CEA105A31C857E69007BF5DB /* PHInformationViewController.m */; };
		CEA105A71C857E7C007BF5DB /* PHLibraryViewController.m in Sources */ = {isa = PBXBuildFile; fileRef = CEA105A61C857E7C007BF5DB /* PHLibraryViewController.m */; };
		CEA105AD1C857EA4007BF5DB /* PHSettingViewController.m in Sources */ = {isa = PBXBuildFile; fileRef = CEA105AC1C857EA4007BF5DB /* PHSettingViewController.m */; };
		CEA105B01C857F76007BF5DB /* PHTabBarViewController.m in Sources */ = {isa = PBXBuildFile; fileRef = CEA105AF1C857F76007BF5DB /* PHTabBarViewController.m */; };
		CEA105B21C858136007BF5DB /* Foundation+Log.m in Sources */ = {isa = PBXBuildFile; fileRef = CEA105B11C858136007BF5DB /* Foundation+Log.m */; };
		CEA105F61C858E7C007BF5DB /* Alamofire.framework in Frameworks */ = {isa = PBXBuildFile; fileRef = CEA105E91C858E6C007BF5DB /* Alamofire.framework */; };
		CEA105F71C858E7C007BF5DB /* Alamofire.framework in Embed Frameworks */ = {isa = PBXBuildFile; fileRef = CEA105E91C858E6C007BF5DB /* Alamofire.framework */; settings = {ATTRIBUTES = (CodeSignOnCopy, RemoveHeadersOnCopy, ); }; };
		CEA106061C85C0CB007BF5DB /* NSString+MD5.m in Sources */ = {isa = PBXBuildFile; fileRef = CEA106051C85C0CB007BF5DB /* NSString+MD5.m */; };
		CEA106091C85CCAF007BF5DB /* NSDate+Formatter.m in Sources */ = {isa = PBXBuildFile; fileRef = CEA106081C85CCAF007BF5DB /* NSDate+Formatter.m */; };
		DA9AB2541C87D1CF00027121 /* PHCheckList.m in Sources */ = {isa = PBXBuildFile; fileRef = DA9AB2381C87D1CF00027121 /* PHCheckList.m */; };
		DA9AB2551C87D1CF00027121 /* PHDescription.m in Sources */ = {isa = PBXBuildFile; fileRef = DA9AB23A1C87D1CF00027121 /* PHDescription.m */; };
		DA9AB2561C87D1CF00027121 /* PHSickList.m in Sources */ = {isa = PBXBuildFile; fileRef = DA9AB23C1C87D1CF00027121 /* PHSickList.m */; };
		DA9AB2571C87D1CF00027121 /* PHCheckViewController.m in Sources */ = {isa = PBXBuildFile; fileRef = DA9AB23F1C87D1CF00027121 /* PHCheckViewController.m */; };
		DA9AB2581C87D1CF00027121 /* PHShowAllController.m in Sources */ = {isa = PBXBuildFile; fileRef = DA9AB2411C87D1CF00027121 /* PHShowAllController.m */; };
		DA9AB2591C87D1CF00027121 /* PHShowAllController.xib in Resources */ = {isa = PBXBuildFile; fileRef = DA9AB2421C87D1CF00027121 /* PHShowAllController.xib */; };
		DA9AB25A1C87D1CF00027121 /* PHShowController.m in Sources */ = {isa = PBXBuildFile; fileRef = DA9AB2441C87D1CF00027121 /* PHShowController.m */; };
		DA9AB25B1C87D1CF00027121 /* PHMoreLeftView.m in Sources */ = {isa = PBXBuildFile; fileRef = DA9AB2481C87D1CF00027121 /* PHMoreLeftView.m */; };
		DA9AB25C1C87D1CF00027121 /* PHMoreLeftViewCell.m in Sources */ = {isa = PBXBuildFile; fileRef = DA9AB24A1C87D1CF00027121 /* PHMoreLeftViewCell.m */; };
		DA9AB25D1C87D1CF00027121 /* PHMoreLeftViewCell.xib in Resources */ = {isa = PBXBuildFile; fileRef = DA9AB24B1C87D1CF00027121 /* PHMoreLeftViewCell.xib */; };
		DA9AB25E1C87D1CF00027121 /* PHCheckHomeView.m in Sources */ = {isa = PBXBuildFile; fileRef = DA9AB24D1C87D1CF00027121 /* PHCheckHomeView.m */; };
		DA9AB25F1C87D1CF00027121 /* PHMoreRightView.m in Sources */ = {isa = PBXBuildFile; fileRef = DA9AB2501C87D1CF00027121 /* PHMoreRightView.m */; };
		DA9AB2601C87D1CF00027121 /* PHRightTableViewCell.m in Sources */ = {isa = PBXBuildFile; fileRef = DA9AB2521C87D1CF00027121 /* PHRightTableViewCell.m */; };
		DA9AB2611C87D1CF00027121 /* PHRightTableViewCell.xib in Resources */ = {isa = PBXBuildFile; fileRef = DA9AB2531C87D1CF00027121 /* PHRightTableViewCell.xib */; };
/* End PBXBuildFile section */

/* Begin PBXContainerItemProxy section */
		CEA105531C8579CD007BF5DB /* PBXContainerItemProxy */ = {
			isa = PBXContainerItemProxy;
			containerPortal = CEA105311C8579CC007BF5DB /* Project object */;
			proxyType = 1;
			remoteGlobalIDString = CEA105381C8579CC007BF5DB;
			remoteInfo = PersonalHealthHelper;
		};
		CEA1055E1C8579CD007BF5DB /* PBXContainerItemProxy */ = {
			isa = PBXContainerItemProxy;
			containerPortal = CEA105311C8579CC007BF5DB /* Project object */;
			proxyType = 1;
			remoteGlobalIDString = CEA105381C8579CC007BF5DB;
			remoteInfo = PersonalHealthHelper;
		};
		CEA105E81C858E6C007BF5DB /* PBXContainerItemProxy */ = {
			isa = PBXContainerItemProxy;
			containerPortal = CEA105DE1C858E6C007BF5DB /* Alamofire.xcodeproj */;
			proxyType = 2;
			remoteGlobalIDString = F8111E3319A95C8B0040E7D1;
			remoteInfo = "Alamofire iOS";
		};
		CEA105EA1C858E6C007BF5DB /* PBXContainerItemProxy */ = {
			isa = PBXContainerItemProxy;
			containerPortal = CEA105DE1C858E6C007BF5DB /* Alamofire.xcodeproj */;
			proxyType = 2;
			remoteGlobalIDString = F8111E3E19A95C8B0040E7D1;
			remoteInfo = "Alamofire iOS Tests";
		};
		CEA105EC1C858E6C007BF5DB /* PBXContainerItemProxy */ = {
			isa = PBXContainerItemProxy;
			containerPortal = CEA105DE1C858E6C007BF5DB /* Alamofire.xcodeproj */;
			proxyType = 2;
			remoteGlobalIDString = 4DD67C0B1A5C55C900ED2280;
			remoteInfo = "Alamofire OSX";
		};
		CEA105EE1C858E6C007BF5DB /* PBXContainerItemProxy */ = {
			isa = PBXContainerItemProxy;
			containerPortal = CEA105DE1C858E6C007BF5DB /* Alamofire.xcodeproj */;
			proxyType = 2;
			remoteGlobalIDString = F829C6B21A7A94F100A2CD59;
			remoteInfo = "Alamofire OSX Tests";
		};
		CEA105F01C858E6C007BF5DB /* PBXContainerItemProxy */ = {
			isa = PBXContainerItemProxy;
			containerPortal = CEA105DE1C858E6C007BF5DB /* Alamofire.xcodeproj */;
			proxyType = 2;
			remoteGlobalIDString = 4CF626EF1BA7CB3E0011A099;
			remoteInfo = "Alamofire tvOS";
		};
		CEA105F21C858E6C007BF5DB /* PBXContainerItemProxy */ = {
			isa = PBXContainerItemProxy;
			containerPortal = CEA105DE1C858E6C007BF5DB /* Alamofire.xcodeproj */;
			proxyType = 2;
			remoteGlobalIDString = 4CF626F81BA7CB3E0011A099;
			remoteInfo = "Alamofire tvOS Tests";
		};
		CEA105F41C858E6C007BF5DB /* PBXContainerItemProxy */ = {
			isa = PBXContainerItemProxy;
			containerPortal = CEA105DE1C858E6C007BF5DB /* Alamofire.xcodeproj */;
			proxyType = 2;
			remoteGlobalIDString = E4202FE01B667AA100C997FB;
			remoteInfo = "Alamofire watchOS";
		};
		CEA105F81C858E7C007BF5DB /* PBXContainerItemProxy */ = {
			isa = PBXContainerItemProxy;
			containerPortal = CEA105DE1C858E6C007BF5DB /* Alamofire.xcodeproj */;
			proxyType = 1;
			remoteGlobalIDString = F8111E3219A95C8B0040E7D1;
			remoteInfo = "Alamofire iOS";
		};
/* End PBXContainerItemProxy section */

/* Begin PBXCopyFilesBuildPhase section */
		CEA1058B1C857A40007BF5DB /* Embed Frameworks */ = {
			isa = PBXCopyFilesBuildPhase;
			buildActionMask = 2147483647;
			dstPath = "";
			dstSubfolderSpec = 10;
			files = (
				CEA105F71C858E7C007BF5DB /* Alamofire.framework in Embed Frameworks */,
			);
			name = "Embed Frameworks";
			runOnlyForDeploymentPostprocessing = 0;
		};
/* End PBXCopyFilesBuildPhase section */

/* Begin PBXFileReference section */
		6E776FA5EE2C12B904CFC445 /* Pods_PersonalHealthHelper.framework */ = {isa = PBXFileReference; explicitFileType = wrapper.framework; includeInIndex = 0; path = Pods_PersonalHealthHelper.framework; sourceTree = BUILT_PRODUCTS_DIR; };
		93C218C976854C9B65B3950D /* Pods-PersonalHealthHelper.debug.xcconfig */ = {isa = PBXFileReference; includeInIndex = 1; lastKnownFileType = text.xcconfig; name = "Pods-PersonalHealthHelper.debug.xcconfig"; path = "Pods/Target Support Files/Pods-PersonalHealthHelper/Pods-PersonalHealthHelper.debug.xcconfig"; sourceTree = "<group>"; };
		CEA105391C8579CC007BF5DB /* PersonalHealthHelper.app */ = {isa = PBXFileReference; explicitFileType = wrapper.application; includeInIndex = 0; path = PersonalHealthHelper.app; sourceTree = BUILT_PRODUCTS_DIR; };
		CEA1053D1C8579CC007BF5DB /* main.m */ = {isa = PBXFileReference; lastKnownFileType = sourcecode.c.objc; path = main.m; sourceTree = "<group>"; };
		CEA1053F1C8579CC007BF5DB /* AppDelegate.h */ = {isa = PBXFileReference; lastKnownFileType = sourcecode.c.h; path = AppDelegate.h; sourceTree = "<group>"; };
		CEA105401C8579CC007BF5DB /* AppDelegate.m */ = {isa = PBXFileReference; lastKnownFileType = sourcecode.c.objc; path = AppDelegate.m; sourceTree = "<group>"; };
		CEA105481C8579CC007BF5DB /* Assets.xcassets */ = {isa = PBXFileReference; lastKnownFileType = folder.assetcatalog; path = Assets.xcassets; sourceTree = "<group>"; };
		CEA1054B1C8579CC007BF5DB /* Base */ = {isa = PBXFileReference; lastKnownFileType = file.storyboard; name = Base; path = Base.lproj/LaunchScreen.storyboard; sourceTree = "<group>"; };
		CEA1054D1C8579CC007BF5DB /* Info.plist */ = {isa = PBXFileReference; lastKnownFileType = text.plist.xml; path = Info.plist; sourceTree = "<group>"; };
		CEA105521C8579CD007BF5DB /* PersonalHealthHelperTests.xctest */ = {isa = PBXFileReference; explicitFileType = wrapper.cfbundle; includeInIndex = 0; path = PersonalHealthHelperTests.xctest; sourceTree = BUILT_PRODUCTS_DIR; };
		CEA105561C8579CD007BF5DB /* PersonalHealthHelperTests.m */ = {isa = PBXFileReference; lastKnownFileType = sourcecode.c.objc; path = PersonalHealthHelperTests.m; sourceTree = "<group>"; };
		CEA105581C8579CD007BF5DB /* Info.plist */ = {isa = PBXFileReference; lastKnownFileType = text.plist.xml; path = Info.plist; sourceTree = "<group>"; };
		CEA1055D1C8579CD007BF5DB /* PersonalHealthHelperUITests.xctest */ = {isa = PBXFileReference; explicitFileType = wrapper.cfbundle; includeInIndex = 0; path = PersonalHealthHelperUITests.xctest; sourceTree = BUILT_PRODUCTS_DIR; };
		CEA105611C8579CD007BF5DB /* PersonalHealthHelperUITests.m */ = {isa = PBXFileReference; lastKnownFileType = sourcecode.c.objc; path = PersonalHealthHelperUITests.m; sourceTree = "<group>"; };
		CEA105631C8579CD007BF5DB /* Info.plist */ = {isa = PBXFileReference; lastKnownFileType = text.plist.xml; path = Info.plist; sourceTree = "<group>"; };
		CEA1058C1C857A6A007BF5DB /* ShowApiRequest.swift */ = {isa = PBXFileReference; fileEncoding = 4; lastKnownFileType = sourcecode.swift; path = ShowApiRequest.swift; sourceTree = "<group>"; };
		CEA1058E1C857A85007BF5DB /* ShowApiRequest-Bridging-Header.h */ = {isa = PBXFileReference; lastKnownFileType = sourcecode.c.h; path = "ShowApiRequest-Bridging-Header.h"; sourceTree = "<group>"; };
		CEA1058F1C857B3C007BF5DB /* PrefixHeader.pch */ = {isa = PBXFileReference; fileEncoding = 4; lastKnownFileType = sourcecode.c.h; name = PrefixHeader.pch; path = ../PrefixHeader.pch; sourceTree = "<group>"; };
		CEA105A21C857E69007BF5DB /* PHInformationViewController.h */ = {isa = PBXFileReference; fileEncoding = 4; lastKnownFileType = sourcecode.c.h; path = PHInformationViewController.h; sourceTree = "<group>"; };
		CEA105A31C857E69007BF5DB /* PHInformationViewController.m */ = {isa = PBXFileReference; fileEncoding = 4; lastKnownFileType = sourcecode.c.objc; path = PHInformationViewController.m; sourceTree = "<group>"; };
		CEA105A51C857E7C007BF5DB /* PHLibraryViewController.h */ = {isa = PBXFileReference; fileEncoding = 4; lastKnownFileType = sourcecode.c.h; path = PHLibraryViewController.h; sourceTree = "<group>"; };
		CEA105A61C857E7C007BF5DB /* PHLibraryViewController.m */ = {isa = PBXFileReference; fileEncoding = 4; lastKnownFileType = sourcecode.c.objc; path = PHLibraryViewController.m; sourceTree = "<group>"; };
		CEA105AB1C857EA4007BF5DB /* PHSettingViewController.h */ = {isa = PBXFileReference; fileEncoding = 4; lastKnownFileType = sourcecode.c.h; path = PHSettingViewController.h; sourceTree = "<group>"; };
		CEA105AC1C857EA4007BF5DB /* PHSettingViewController.m */ = {isa = PBXFileReference; fileEncoding = 4; lastKnownFileType = sourcecode.c.objc; path = PHSettingViewController.m; sourceTree = "<group>"; };
		CEA105AE1C857F76007BF5DB /* PHTabBarViewController.h */ = {isa = PBXFileReference; fileEncoding = 4; lastKnownFileType = sourcecode.c.h; path = PHTabBarViewController.h; sourceTree = "<group>"; };
		CEA105AF1C857F76007BF5DB /* PHTabBarViewController.m */ = {isa = PBXFileReference; fileEncoding = 4; lastKnownFileType = sourcecode.c.objc; path = PHTabBarViewController.m; sourceTree = "<group>"; };
		CEA105B11C858136007BF5DB /* Foundation+Log.m */ = {isa = PBXFileReference; fileEncoding = 4; lastKnownFileType = sourcecode.c.objc; path = "Foundation+Log.m"; sourceTree = "<group>"; };
		CEA105DE1C858E6C007BF5DB /* Alamofire.xcodeproj */ = {isa = PBXFileReference; lastKnownFileType = "wrapper.pb-project"; name = Alamofire.xcodeproj; path = Alamofire/Alamofire.xcodeproj; sourceTree = "<group>"; };
		CEA106041C85C0CB007BF5DB /* NSString+MD5.h */ = {isa = PBXFileReference; fileEncoding = 4; lastKnownFileType = sourcecode.c.h; path = "NSString+MD5.h"; sourceTree = "<group>"; };
		CEA106051C85C0CB007BF5DB /* NSString+MD5.m */ = {isa = PBXFileReference; fileEncoding = 4; lastKnownFileType = sourcecode.c.objc; path = "NSString+MD5.m"; sourceTree = "<group>"; };
		CEA106071C85CCAF007BF5DB /* NSDate+Formatter.h */ = {isa = PBXFileReference; fileEncoding = 4; lastKnownFileType = sourcecode.c.h; path = "NSDate+Formatter.h"; sourceTree = "<group>"; };
		CEA106081C85CCAF007BF5DB /* NSDate+Formatter.m */ = {isa = PBXFileReference; fileEncoding = 4; lastKnownFileType = sourcecode.c.objc; path = "NSDate+Formatter.m"; sourceTree = "<group>"; };
		DA9AB2371C87D1CF00027121 /* PHCheckList.h */ = {isa = PBXFileReference; fileEncoding = 4; lastKnownFileType = sourcecode.c.h; path = PHCheckList.h; sourceTree = "<group>"; };
		DA9AB2381C87D1CF00027121 /* PHCheckList.m */ = {isa = PBXFileReference; fileEncoding = 4; lastKnownFileType = sourcecode.c.objc; path = PHCheckList.m; sourceTree = "<group>"; };
		DA9AB2391C87D1CF00027121 /* PHDescription.h */ = {isa = PBXFileReference; fileEncoding = 4; lastKnownFileType = sourcecode.c.h; path = PHDescription.h; sourceTree = "<group>"; };
		DA9AB23A1C87D1CF00027121 /* PHDescription.m */ = {isa = PBXFileReference; fileEncoding = 4; lastKnownFileType = sourcecode.c.objc; path = PHDescription.m; sourceTree = "<group>"; };
		DA9AB23B1C87D1CF00027121 /* PHSickList.h */ = {isa = PBXFileReference; fileEncoding = 4; lastKnownFileType = sourcecode.c.h; path = PHSickList.h; sourceTree = "<group>"; };
		DA9AB23C1C87D1CF00027121 /* PHSickList.m */ = {isa = PBXFileReference; fileEncoding = 4; lastKnownFileType = sourcecode.c.objc; path = PHSickList.m; sourceTree = "<group>"; };
		DA9AB23E1C87D1CF00027121 /* PHCheckViewController.h */ = {isa = PBXFileReference; fileEncoding = 4; lastKnownFileType = sourcecode.c.h; path = PHCheckViewController.h; sourceTree = "<group>"; };
		DA9AB23F1C87D1CF00027121 /* PHCheckViewController.m */ = {isa = PBXFileReference; fileEncoding = 4; lastKnownFileType = sourcecode.c.objc; path = PHCheckViewController.m; sourceTree = "<group>"; };
		DA9AB2401C87D1CF00027121 /* PHShowAllController.h */ = {isa = PBXFileReference; fileEncoding = 4; lastKnownFileType = sourcecode.c.h; path = PHShowAllController.h; sourceTree = "<group>"; };
		DA9AB2411C87D1CF00027121 /* PHShowAllController.m */ = {isa = PBXFileReference; fileEncoding = 4; lastKnownFileType = sourcecode.c.objc; path = PHShowAllController.m; sourceTree = "<group>"; };
		DA9AB2421C87D1CF00027121 /* PHShowAllController.xib */ = {isa = PBXFileReference; fileEncoding = 4; lastKnownFileType = file.xib; path = PHShowAllController.xib; sourceTree = "<group>"; };
		DA9AB2431C87D1CF00027121 /* PHShowController.h */ = {isa = PBXFileReference; fileEncoding = 4; lastKnownFileType = sourcecode.c.h; path = PHShowController.h; sourceTree = "<group>"; };
		DA9AB2441C87D1CF00027121 /* PHShowController.m */ = {isa = PBXFileReference; fileEncoding = 4; lastKnownFileType = sourcecode.c.objc; path = PHShowController.m; sourceTree = "<group>"; };
		DA9AB2471C87D1CF00027121 /* PHMoreLeftView.h */ = {isa = PBXFileReference; fileEncoding = 4; lastKnownFileType = sourcecode.c.h; path = PHMoreLeftView.h; sourceTree = "<group>"; };
		DA9AB2481C87D1CF00027121 /* PHMoreLeftView.m */ = {isa = PBXFileReference; fileEncoding = 4; lastKnownFileType = sourcecode.c.objc; path = PHMoreLeftView.m; sourceTree = "<group>"; };
		DA9AB2491C87D1CF00027121 /* PHMoreLeftViewCell.h */ = {isa = PBXFileReference; fileEncoding = 4; lastKnownFileType = sourcecode.c.h; path = PHMoreLeftViewCell.h; sourceTree = "<group>"; };
		DA9AB24A1C87D1CF00027121 /* PHMoreLeftViewCell.m */ = {isa = PBXFileReference; fileEncoding = 4; lastKnownFileType = sourcecode.c.objc; path = PHMoreLeftViewCell.m; sourceTree = "<group>"; };
		DA9AB24B1C87D1CF00027121 /* PHMoreLeftViewCell.xib */ = {isa = PBXFileReference; fileEncoding = 4; lastKnownFileType = file.xib; path = PHMoreLeftViewCell.xib; sourceTree = "<group>"; };
		DA9AB24C1C87D1CF00027121 /* PHCheckHomeView.h */ = {isa = PBXFileReference; fileEncoding = 4; lastKnownFileType = sourcecode.c.h; path = PHCheckHomeView.h; sourceTree = "<group>"; };
		DA9AB24D1C87D1CF00027121 /* PHCheckHomeView.m */ = {isa = PBXFileReference; fileEncoding = 4; lastKnownFileType = sourcecode.c.objc; path = PHCheckHomeView.m; sourceTree = "<group>"; };
		DA9AB24F1C87D1CF00027121 /* PHMoreRightView.h */ = {isa = PBXFileReference; fileEncoding = 4; lastKnownFileType = sourcecode.c.h; path = PHMoreRightView.h; sourceTree = "<group>"; };
		DA9AB2501C87D1CF00027121 /* PHMoreRightView.m */ = {isa = PBXFileReference; fileEncoding = 4; lastKnownFileType = sourcecode.c.objc; path = PHMoreRightView.m; sourceTree = "<group>"; };
		DA9AB2511C87D1CF00027121 /* PHRightTableViewCell.h */ = {isa = PBXFileReference; fileEncoding = 4; lastKnownFileType = sourcecode.c.h; path = PHRightTableViewCell.h; sourceTree = "<group>"; };
		DA9AB2521C87D1CF00027121 /* PHRightTableViewCell.m */ = {isa = PBXFileReference; fileEncoding = 4; lastKnownFileType = sourcecode.c.objc; path = PHRightTableViewCell.m; sourceTree = "<group>"; };
		DA9AB2531C87D1CF00027121 /* PHRightTableViewCell.xib */ = {isa = PBXFileReference; fileEncoding = 4; lastKnownFileType = file.xib; path = PHRightTableViewCell.xib; sourceTree = "<group>"; };
		EF2D5672FA2B596E9666C8B9 /* Pods-PersonalHealthHelper.release.xcconfig */ = {isa = PBXFileReference; includeInIndex = 1; lastKnownFileType = text.xcconfig; name = "Pods-PersonalHealthHelper.release.xcconfig"; path = "Pods/Target Support Files/Pods-PersonalHealthHelper/Pods-PersonalHealthHelper.release.xcconfig"; sourceTree = "<group>"; };
/* End PBXFileReference section */

/* Begin PBXFrameworksBuildPhase section */
		CEA105361C8579CC007BF5DB /* Frameworks */ = {
			isa = PBXFrameworksBuildPhase;
			buildActionMask = 2147483647;
			files = (
				697FB99371680823D1918532 /* Pods_PersonalHealthHelper.framework in Frameworks */,
				CEA105F61C858E7C007BF5DB /* Alamofire.framework in Frameworks */,
			);
			runOnlyForDeploymentPostprocessing = 0;
		};
		CEA1054F1C8579CD007BF5DB /* Frameworks */ = {
			isa = PBXFrameworksBuildPhase;
			buildActionMask = 2147483647;
			files = (
			);
			runOnlyForDeploymentPostprocessing = 0;
		};
		CEA1055A1C8579CD007BF5DB /* Frameworks */ = {
			isa = PBXFrameworksBuildPhase;
			buildActionMask = 2147483647;
			files = (
			);
			runOnlyForDeploymentPostprocessing = 0;
		};
/* End PBXFrameworksBuildPhase section */

/* Begin PBXGroup section */
		0F7596EAF97491514282397D /* Pods */ = {
			isa = PBXGroup;
			children = (
				93C218C976854C9B65B3950D /* Pods-PersonalHealthHelper.debug.xcconfig */,
				EF2D5672FA2B596E9666C8B9 /* Pods-PersonalHealthHelper.release.xcconfig */,
			);
			name = Pods;
			sourceTree = "<group>";
		};
		B072CC73CA6C20DFD7B6CCBE /* Frameworks */ = {
			isa = PBXGroup;
			children = (
				6E776FA5EE2C12B904CFC445 /* Pods_PersonalHealthHelper.framework */,
			);
			name = Frameworks;
			sourceTree = "<group>";
		};
		CEA105301C8579CC007BF5DB = {
			isa = PBXGroup;
			children = (
				CEA105DE1C858E6C007BF5DB /* Alamofire.xcodeproj */,
				CEA1058E1C857A85007BF5DB /* ShowApiRequest-Bridging-Header.h */,
				CEA1053B1C8579CC007BF5DB /* PersonalHealthHelper */,
				CEA105551C8579CD007BF5DB /* PersonalHealthHelperTests */,
				CEA105601C8579CD007BF5DB /* PersonalHealthHelperUITests */,
				CEA1053A1C8579CC007BF5DB /* Products */,
				0F7596EAF97491514282397D /* Pods */,
				B072CC73CA6C20DFD7B6CCBE /* Frameworks */,
			);
			sourceTree = "<group>";
		};
		CEA1053A1C8579CC007BF5DB /* Products */ = {
			isa = PBXGroup;
			children = (
				CEA105391C8579CC007BF5DB /* PersonalHealthHelper.app */,
				CEA105521C8579CD007BF5DB /* PersonalHealthHelperTests.xctest */,
				CEA1055D1C8579CD007BF5DB /* PersonalHealthHelperUITests.xctest */,
			);
			name = Products;
			sourceTree = "<group>";
		};
		CEA1053B1C8579CC007BF5DB /* PersonalHealthHelper */ = {
			isa = PBXGroup;
			children = (
				CEA105941C857D90007BF5DB /* Information(资讯) */,
				CEA105981C857D90007BF5DB /* Library(图书) */,
				CEA105901C857D90007BF5DB /* Check(查询) */,
				CEA105A11C857D90007BF5DB /* Setting(个人中心) */,
				CEA1059C1C857D90007BF5DB /* Other */,
				CEA105481C8579CC007BF5DB /* Assets.xcassets */,
				CEA1053C1C8579CC007BF5DB /* Supporting Files */,
			);
			path = PersonalHealthHelper;
			sourceTree = "<group>";
		};
		CEA1053C1C8579CC007BF5DB /* Supporting Files */ = {
			isa = PBXGroup;
			children = (
				CEA1058C1C857A6A007BF5DB /* ShowApiRequest.swift */,
				CEA1053F1C8579CC007BF5DB /* AppDelegate.h */,
				CEA105401C8579CC007BF5DB /* AppDelegate.m */,
				CEA1054A1C8579CC007BF5DB /* LaunchScreen.storyboard */,
				CEA1054D1C8579CC007BF5DB /* Info.plist */,
				CEA1053D1C8579CC007BF5DB /* main.m */,
			);
			name = "Supporting Files";
			sourceTree = "<group>";
		};
		CEA105551C8579CD007BF5DB /* PersonalHealthHelperTests */ = {
			isa = PBXGroup;
			children = (
				CEA105561C8579CD007BF5DB /* PersonalHealthHelperTests.m */,
				CEA105581C8579CD007BF5DB /* Info.plist */,
			);
			path = PersonalHealthHelperTests;
			sourceTree = "<group>";
		};
		CEA105601C8579CD007BF5DB /* PersonalHealthHelperUITests */ = {
			isa = PBXGroup;
			children = (
				CEA105611C8579CD007BF5DB /* PersonalHealthHelperUITests.m */,
				CEA105631C8579CD007BF5DB /* Info.plist */,
			);
			path = PersonalHealthHelperUITests;
			sourceTree = "<group>";
		};
		CEA105901C857D90007BF5DB /* Check(查询) */ = {
			isa = PBXGroup;
			children = (
				DA9AB2361C87D1CF00027121 /* Models */,
				DA9AB23D1C87D1CF00027121 /* ViewControllers */,
				DA9AB2451C87D1CF00027121 /* Views */,
			);
			name = "Check(查询)";
			path = Check;
			sourceTree = "<group>";
		};
		CEA105941C857D90007BF5DB /* Information(资讯) */ = {
			isa = PBXGroup;
			children = (
				CEA105951C857D90007BF5DB /* Models */,
				CEA105961C857D90007BF5DB /* ViewControllers */,
				CEA105971C857D90007BF5DB /* Views */,
			);
			name = "Information(资讯)";
			path = Information;
			sourceTree = "<group>";
		};
		CEA105951C857D90007BF5DB /* Models */ = {
			isa = PBXGroup;
			children = (
			);
			path = Models;
			sourceTree = "<group>";
		};
		CEA105961C857D90007BF5DB /* ViewControllers */ = {
			isa = PBXGroup;
			children = (
				CEA105A21C857E69007BF5DB /* PHInformationViewController.h */,
				CEA105A31C857E69007BF5DB /* PHInformationViewController.m */,
			);
			path = ViewControllers;
			sourceTree = "<group>";
		};
		CEA105971C857D90007BF5DB /* Views */ = {
			isa = PBXGroup;
			children = (
			);
			path = Views;
			sourceTree = "<group>";
		};
		CEA105981C857D90007BF5DB /* Library(图书) */ = {
			isa = PBXGroup;
			children = (
				CEA105991C857D90007BF5DB /* Models */,
				CEA1059A1C857D90007BF5DB /* ViewControllers */,
				CEA1059B1C857D90007BF5DB /* Views */,
			);
			name = "Library(图书)";
			path = Library;
			sourceTree = "<group>";
		};
		CEA105991C857D90007BF5DB /* Models */ = {
			isa = PBXGroup;
			children = (
			);
			path = Models;
			sourceTree = "<group>";
		};
		CEA1059A1C857D90007BF5DB /* ViewControllers */ = {
			isa = PBXGroup;
			children = (
				CEA105A51C857E7C007BF5DB /* PHLibraryViewController.h */,
				CEA105A61C857E7C007BF5DB /* PHLibraryViewController.m */,
			);
			path = ViewControllers;
			sourceTree = "<group>";
		};
		CEA1059B1C857D90007BF5DB /* Views */ = {
			isa = PBXGroup;
			children = (
			);
			path = Views;
			sourceTree = "<group>";
		};
		CEA1059C1C857D90007BF5DB /* Other */ = {
			isa = PBXGroup;
			children = (
				CEA1058F1C857B3C007BF5DB /* PrefixHeader.pch */,
				CEA1059D1C857D90007BF5DB /* Models */,
				CEA1059E1C857D90007BF5DB /* Tools */,
				CEA1059F1C857D90007BF5DB /* ViewControllers */,
				CEA105A01C857D90007BF5DB /* Views */,
			);
			path = Other;
			sourceTree = "<group>";
		};
		CEA1059D1C857D90007BF5DB /* Models */ = {
			isa = PBXGroup;
			children = (
			);
			path = Models;
			sourceTree = "<group>";
		};
		CEA1059E1C857D90007BF5DB /* Tools */ = {
			isa = PBXGroup;
			children = (
				CEA106071C85CCAF007BF5DB /* NSDate+Formatter.h */,
				CEA106081C85CCAF007BF5DB /* NSDate+Formatter.m */,
				CEA106041C85C0CB007BF5DB /* NSString+MD5.h */,
				CEA106051C85C0CB007BF5DB /* NSString+MD5.m */,
				CEA105B11C858136007BF5DB /* Foundation+Log.m */,
			);
			path = Tools;
			sourceTree = "<group>";
		};
		CEA1059F1C857D90007BF5DB /* ViewControllers */ = {
			isa = PBXGroup;
			children = (
				CEA105AE1C857F76007BF5DB /* PHTabBarViewController.h */,
				CEA105AF1C857F76007BF5DB /* PHTabBarViewController.m */,
			);
			path = ViewControllers;
			sourceTree = "<group>";
		};
		CEA105A01C857D90007BF5DB /* Views */ = {
			isa = PBXGroup;
			children = (
			);
			path = Views;
			sourceTree = "<group>";
		};
		CEA105A11C857D90007BF5DB /* Setting(个人中心) */ = {
			isa = PBXGroup;
			children = (
				CEA105AB1C857EA4007BF5DB /* PHSettingViewController.h */,
				CEA105AC1C857EA4007BF5DB /* PHSettingViewController.m */,
			);
			name = "Setting(个人中心)";
			path = Setting;
			sourceTree = "<group>";
		};
		CEA105DF1C858E6C007BF5DB /* Products */ = {
			isa = PBXGroup;
			children = (
				CEA105E91C858E6C007BF5DB /* Alamofire.framework */,
				CEA105EB1C858E6C007BF5DB /* Alamofire iOS Tests.xctest */,
				CEA105ED1C858E6C007BF5DB /* Alamofire.framework */,
				CEA105EF1C858E6C007BF5DB /* Alamofire OSX Tests.xctest */,
				CEA105F11C858E6C007BF5DB /* Alamofire.framework */,
				CEA105F31C858E6C007BF5DB /* Alamofire tvOS Tests.xctest */,
				CEA105F51C858E6C007BF5DB /* Alamofire.framework */,
			);
			name = Products;
			sourceTree = "<group>";
		};
		DA9AB2361C87D1CF00027121 /* Models */ = {
			isa = PBXGroup;
			children = (
				DA9AB2371C87D1CF00027121 /* PHCheckList.h */,
				DA9AB2381C87D1CF00027121 /* PHCheckList.m */,
				DA9AB2391C87D1CF00027121 /* PHDescription.h */,
				DA9AB23A1C87D1CF00027121 /* PHDescription.m */,
				DA9AB23B1C87D1CF00027121 /* PHSickList.h */,
				DA9AB23C1C87D1CF00027121 /* PHSickList.m */,
			);
			path = Models;
			sourceTree = "<group>";
		};
		DA9AB23D1C87D1CF00027121 /* ViewControllers */ = {
			isa = PBXGroup;
			children = (
				DA9AB23E1C87D1CF00027121 /* PHCheckViewController.h */,
				DA9AB23F1C87D1CF00027121 /* PHCheckViewController.m */,
				DA9AB2401C87D1CF00027121 /* PHShowAllController.h */,
				DA9AB2411C87D1CF00027121 /* PHShowAllController.m */,
				DA9AB2421C87D1CF00027121 /* PHShowAllController.xib */,
				DA9AB2431C87D1CF00027121 /* PHShowController.h */,
				DA9AB2441C87D1CF00027121 /* PHShowController.m */,
			);
			path = ViewControllers;
			sourceTree = "<group>";
		};
		DA9AB2451C87D1CF00027121 /* Views */ = {
			isa = PBXGroup;
			children = (
				DA9AB24C1C87D1CF00027121 /* PHCheckHomeView.h */,
				DA9AB24D1C87D1CF00027121 /* PHCheckHomeView.m */,
				DA9AB2461C87D1CF00027121 /* left */,
				DA9AB24E1C87D1CF00027121 /* right */,
			);
			path = Views;
			sourceTree = "<group>";
		};
		DA9AB2461C87D1CF00027121 /* left */ = {
			isa = PBXGroup;
			children = (
				DA9AB2471C87D1CF00027121 /* PHMoreLeftView.h */,
				DA9AB2481C87D1CF00027121 /* PHMoreLeftView.m */,
				DA9AB2491C87D1CF00027121 /* PHMoreLeftViewCell.h */,
				DA9AB24A1C87D1CF00027121 /* PHMoreLeftViewCell.m */,
				DA9AB24B1C87D1CF00027121 /* PHMoreLeftViewCell.xib */,
			);
			path = left;
			sourceTree = "<group>";
		};
		DA9AB24E1C87D1CF00027121 /* right */ = {
			isa = PBXGroup;
			children = (
				DA9AB24F1C87D1CF00027121 /* PHMoreRightView.h */,
				DA9AB2501C87D1CF00027121 /* PHMoreRightView.m */,
				DA9AB2511C87D1CF00027121 /* PHRightTableViewCell.h */,
				DA9AB2521C87D1CF00027121 /* PHRightTableViewCell.m */,
				DA9AB2531C87D1CF00027121 /* PHRightTableViewCell.xib */,
			);
			path = right;
			sourceTree = "<group>";
		};
/* End PBXGroup section */

/* Begin PBXNativeTarget section */
		CEA105381C8579CC007BF5DB /* PersonalHealthHelper */ = {
			isa = PBXNativeTarget;
			buildConfigurationList = CEA105661C8579CD007BF5DB /* Build configuration list for PBXNativeTarget "PersonalHealthHelper" */;
			buildPhases = (
				45BC12D51070FA6E1D5713B1 /* Check Pods Manifest.lock */,
				CEA105351C8579CC007BF5DB /* Sources */,
				CEA105361C8579CC007BF5DB /* Frameworks */,
				CEA105371C8579CC007BF5DB /* Resources */,
				CEA1058B1C857A40007BF5DB /* Embed Frameworks */,
				353A42E80463EFE694A8C4C8 /* Embed Pods Frameworks */,
				BE71EB361948CBD71957F89D /* Copy Pods Resources */,
			);
			buildRules = (
			);
			dependencies = (
				CEA105F91C858E7C007BF5DB /* PBXTargetDependency */,
			);
			name = PersonalHealthHelper;
			productName = PersonalHealthHelper;
			productReference = CEA105391C8579CC007BF5DB /* PersonalHealthHelper.app */;
			productType = "com.apple.product-type.application";
		};
		CEA105511C8579CD007BF5DB /* PersonalHealthHelperTests */ = {
			isa = PBXNativeTarget;
			buildConfigurationList = CEA105691C8579CD007BF5DB /* Build configuration list for PBXNativeTarget "PersonalHealthHelperTests" */;
			buildPhases = (
				CEA1054E1C8579CD007BF5DB /* Sources */,
				CEA1054F1C8579CD007BF5DB /* Frameworks */,
				CEA105501C8579CD007BF5DB /* Resources */,
			);
			buildRules = (
			);
			dependencies = (
				CEA105541C8579CD007BF5DB /* PBXTargetDependency */,
			);
			name = PersonalHealthHelperTests;
			productName = PersonalHealthHelperTests;
			productReference = CEA105521C8579CD007BF5DB /* PersonalHealthHelperTests.xctest */;
			productType = "com.apple.product-type.bundle.unit-test";
		};
		CEA1055C1C8579CD007BF5DB /* PersonalHealthHelperUITests */ = {
			isa = PBXNativeTarget;
			buildConfigurationList = CEA1056C1C8579CD007BF5DB /* Build configuration list for PBXNativeTarget "PersonalHealthHelperUITests" */;
			buildPhases = (
				CEA105591C8579CD007BF5DB /* Sources */,
				CEA1055A1C8579CD007BF5DB /* Frameworks */,
				CEA1055B1C8579CD007BF5DB /* Resources */,
			);
			buildRules = (
			);
			dependencies = (
				CEA1055F1C8579CD007BF5DB /* PBXTargetDependency */,
			);
			name = PersonalHealthHelperUITests;
			productName = PersonalHealthHelperUITests;
			productReference = CEA1055D1C8579CD007BF5DB /* PersonalHealthHelperUITests.xctest */;
			productType = "com.apple.product-type.bundle.ui-testing";
		};
/* End PBXNativeTarget section */

/* Begin PBXProject section */
		CEA105311C8579CC007BF5DB /* Project object */ = {
			isa = PBXProject;
			attributes = {
				CLASSPREFIX = PH;
				LastUpgradeCheck = 0720;
				ORGANIZATIONNAME = PH;
				TargetAttributes = {
					CEA105381C8579CC007BF5DB = {
						CreatedOnToolsVersion = 7.2.1;
						DevelopmentTeam = P6F722MNEK;
					};
					CEA105511C8579CD007BF5DB = {
						CreatedOnToolsVersion = 7.2.1;
						DevelopmentTeam = P6F722MNEK;
						TestTargetID = CEA105381C8579CC007BF5DB;
					};
					CEA1055C1C8579CD007BF5DB = {
						CreatedOnToolsVersion = 7.2.1;
						DevelopmentTeam = P6F722MNEK;
						TestTargetID = CEA105381C8579CC007BF5DB;
					};
				};
			};
			buildConfigurationList = CEA105341C8579CC007BF5DB /* Build configuration list for PBXProject "PersonalHealthHelper" */;
			compatibilityVersion = "Xcode 3.2";
			developmentRegion = English;
			hasScannedForEncodings = 0;
			knownRegions = (
				en,
				Base,
			);
			mainGroup = CEA105301C8579CC007BF5DB;
			productRefGroup = CEA1053A1C8579CC007BF5DB /* Products */;
			projectDirPath = "";
			projectReferences = (
				{
					ProductGroup = CEA105DF1C858E6C007BF5DB /* Products */;
					ProjectRef = CEA105DE1C858E6C007BF5DB /* Alamofire.xcodeproj */;
				},
			);
			projectRoot = "";
			targets = (
				CEA105381C8579CC007BF5DB /* PersonalHealthHelper */,
				CEA105511C8579CD007BF5DB /* PersonalHealthHelperTests */,
				CEA1055C1C8579CD007BF5DB /* PersonalHealthHelperUITests */,
			);
		};
/* End PBXProject section */

/* Begin PBXReferenceProxy section */
		CEA105E91C858E6C007BF5DB /* Alamofire.framework */ = {
			isa = PBXReferenceProxy;
			fileType = wrapper.framework;
			path = Alamofire.framework;
			remoteRef = CEA105E81C858E6C007BF5DB /* PBXContainerItemProxy */;
			sourceTree = BUILT_PRODUCTS_DIR;
		};
		CEA105EB1C858E6C007BF5DB /* Alamofire iOS Tests.xctest */ = {
			isa = PBXReferenceProxy;
			fileType = wrapper.cfbundle;
			path = "Alamofire iOS Tests.xctest";
			remoteRef = CEA105EA1C858E6C007BF5DB /* PBXContainerItemProxy */;
			sourceTree = BUILT_PRODUCTS_DIR;
		};
		CEA105ED1C858E6C007BF5DB /* Alamofire.framework */ = {
			isa = PBXReferenceProxy;
			fileType = wrapper.framework;
			path = Alamofire.framework;
			remoteRef = CEA105EC1C858E6C007BF5DB /* PBXContainerItemProxy */;
			sourceTree = BUILT_PRODUCTS_DIR;
		};
		CEA105EF1C858E6C007BF5DB /* Alamofire OSX Tests.xctest */ = {
			isa = PBXReferenceProxy;
			fileType = wrapper.cfbundle;
			path = "Alamofire OSX Tests.xctest";
			remoteRef = CEA105EE1C858E6C007BF5DB /* PBXContainerItemProxy */;
			sourceTree = BUILT_PRODUCTS_DIR;
		};
		CEA105F11C858E6C007BF5DB /* Alamofire.framework */ = {
			isa = PBXReferenceProxy;
			fileType = wrapper.framework;
			path = Alamofire.framework;
			remoteRef = CEA105F01C858E6C007BF5DB /* PBXContainerItemProxy */;
			sourceTree = BUILT_PRODUCTS_DIR;
		};
		CEA105F31C858E6C007BF5DB /* Alamofire tvOS Tests.xctest */ = {
			isa = PBXReferenceProxy;
			fileType = wrapper.cfbundle;
			path = "Alamofire tvOS Tests.xctest";
			remoteRef = CEA105F21C858E6C007BF5DB /* PBXContainerItemProxy */;
			sourceTree = BUILT_PRODUCTS_DIR;
		};
		CEA105F51C858E6C007BF5DB /* Alamofire.framework */ = {
			isa = PBXReferenceProxy;
			fileType = wrapper.framework;
			path = Alamofire.framework;
			remoteRef = CEA105F41C858E6C007BF5DB /* PBXContainerItemProxy */;
			sourceTree = BUILT_PRODUCTS_DIR;
		};
/* End PBXReferenceProxy section */

/* Begin PBXResourcesBuildPhase section */
		CEA105371C8579CC007BF5DB /* Resources */ = {
			isa = PBXResourcesBuildPhase;
			buildActionMask = 2147483647;
			files = (
				DA9AB25D1C87D1CF00027121 /* PHMoreLeftViewCell.xib in Resources */,
				CEA1054C1C8579CC007BF5DB /* LaunchScreen.storyboard in Resources */,
				DA9AB2591C87D1CF00027121 /* PHShowAllController.xib in Resources */,
				DA9AB2611C87D1CF00027121 /* PHRightTableViewCell.xib in Resources */,
				CEA105491C8579CC007BF5DB /* Assets.xcassets in Resources */,
			);
			runOnlyForDeploymentPostprocessing = 0;
		};
		CEA105501C8579CD007BF5DB /* Resources */ = {
			isa = PBXResourcesBuildPhase;
			buildActionMask = 2147483647;
			files = (
			);
			runOnlyForDeploymentPostprocessing = 0;
		};
		CEA1055B1C8579CD007BF5DB /* Resources */ = {
			isa = PBXResourcesBuildPhase;
			buildActionMask = 2147483647;
			files = (
			);
			runOnlyForDeploymentPostprocessing = 0;
		};
/* End PBXResourcesBuildPhase section */

/* Begin PBXShellScriptBuildPhase section */
		353A42E80463EFE694A8C4C8 /* Embed Pods Frameworks */ = {
			isa = PBXShellScriptBuildPhase;
			buildActionMask = 2147483647;
			files = (
			);
			inputPaths = (
			);
			name = "Embed Pods Frameworks";
			outputPaths = (
			);
			runOnlyForDeploymentPostprocessing = 0;
			shellPath = /bin/sh;
			shellScript = "\"${SRCROOT}/Pods/Target Support Files/Pods-PersonalHealthHelper/Pods-PersonalHealthHelper-frameworks.sh\"\n";
			showEnvVarsInLog = 0;
		};
		45BC12D51070FA6E1D5713B1 /* Check Pods Manifest.lock */ = {
			isa = PBXShellScriptBuildPhase;
			buildActionMask = 2147483647;
			files = (
			);
			inputPaths = (
			);
			name = "Check Pods Manifest.lock";
			outputPaths = (
			);
			runOnlyForDeploymentPostprocessing = 0;
			shellPath = /bin/sh;
			shellScript = "diff \"${PODS_ROOT}/../Podfile.lock\" \"${PODS_ROOT}/Manifest.lock\" > /dev/null\nif [[ $? != 0 ]] ; then\n    cat << EOM\nerror: The sandbox is not in sync with the Podfile.lock. Run 'pod install' or update your CocoaPods installation.\nEOM\n    exit 1\nfi\n";
			showEnvVarsInLog = 0;
		};
		BE71EB361948CBD71957F89D /* Copy Pods Resources */ = {
			isa = PBXShellScriptBuildPhase;
			buildActionMask = 2147483647;
			files = (
			);
			inputPaths = (
			);
			name = "Copy Pods Resources";
			outputPaths = (
			);
			runOnlyForDeploymentPostprocessing = 0;
			shellPath = /bin/sh;
			shellScript = "\"${SRCROOT}/Pods/Target Support Files/Pods-PersonalHealthHelper/Pods-PersonalHealthHelper-resources.sh\"\n";
			showEnvVarsInLog = 0;
		};
/* End PBXShellScriptBuildPhase section */

/* Begin PBXSourcesBuildPhase section */
		CEA105351C8579CC007BF5DB /* Sources */ = {
			isa = PBXSourcesBuildPhase;
			buildActionMask = 2147483647;
			files = (
				CEA105411C8579CC007BF5DB /* AppDelegate.m in Sources */,
				CEA105A41C857E69007BF5DB /* PHInformationViewController.m in Sources */,
				DA9AB2561C87D1CF00027121 /* PHSickList.m in Sources */,
				DA9AB25B1C87D1CF00027121 /* PHMoreLeftView.m in Sources */,
				DA9AB2581C87D1CF00027121 /* PHShowAllController.m in Sources */,
				CEA1053E1C8579CC007BF5DB /* main.m in Sources */,
				CEA105A71C857E7C007BF5DB /* PHLibraryViewController.m in Sources */,
				DA9AB25A1C87D1CF00027121 /* PHShowController.m in Sources */,
				CEA106061C85C0CB007BF5DB /* NSString+MD5.m in Sources */,
				DA9AB25E1C87D1CF00027121 /* PHCheckHomeView.m in Sources */,
				DA9AB2571C87D1CF00027121 /* PHCheckViewController.m in Sources */,
				CEA1058D1C857A6A007BF5DB /* ShowApiRequest.swift in Sources */,
				DA9AB25C1C87D1CF00027121 /* PHMoreLeftViewCell.m in Sources */,
				CEA105B21C858136007BF5DB /* Foundation+Log.m in Sources */,
				DA9AB2551C87D1CF00027121 /* PHDescription.m in Sources */,
				DA9AB25F1C87D1CF00027121 /* PHMoreRightView.m in Sources */,
				CEA105AD1C857EA4007BF5DB /* PHSettingViewController.m in Sources */,
				DA9AB2541C87D1CF00027121 /* PHCheckList.m in Sources */,
				CEA105B01C857F76007BF5DB /* PHTabBarViewController.m in Sources */,
				CEA106091C85CCAF007BF5DB /* NSDate+Formatter.m in Sources */,
				DA9AB2601C87D1CF00027121 /* PHRightTableViewCell.m in Sources */,
			);
			runOnlyForDeploymentPostprocessing = 0;
		};
		CEA1054E1C8579CD007BF5DB /* Sources */ = {
			isa = PBXSourcesBuildPhase;
			buildActionMask = 2147483647;
			files = (
				CEA105571C8579CD007BF5DB /* PersonalHealthHelperTests.m in Sources */,
			);
			runOnlyForDeploymentPostprocessing = 0;
		};
		CEA105591C8579CD007BF5DB /* Sources */ = {
			isa = PBXSourcesBuildPhase;
			buildActionMask = 2147483647;
			files = (
				CEA105621C8579CD007BF5DB /* PersonalHealthHelperUITests.m in Sources */,
			);
			runOnlyForDeploymentPostprocessing = 0;
		};
/* End PBXSourcesBuildPhase section */

/* Begin PBXTargetDependency section */
		CEA105541C8579CD007BF5DB /* PBXTargetDependency */ = {
			isa = PBXTargetDependency;
			target = CEA105381C8579CC007BF5DB /* PersonalHealthHelper */;
			targetProxy = CEA105531C8579CD007BF5DB /* PBXContainerItemProxy */;
		};
		CEA1055F1C8579CD007BF5DB /* PBXTargetDependency */ = {
			isa = PBXTargetDependency;
			target = CEA105381C8579CC007BF5DB /* PersonalHealthHelper */;
			targetProxy = CEA1055E1C8579CD007BF5DB /* PBXContainerItemProxy */;
		};
		CEA105F91C858E7C007BF5DB /* PBXTargetDependency */ = {
			isa = PBXTargetDependency;
			name = "Alamofire iOS";
			targetProxy = CEA105F81C858E7C007BF5DB /* PBXContainerItemProxy */;
		};
/* End PBXTargetDependency section */

/* Begin PBXVariantGroup section */
		CEA1054A1C8579CC007BF5DB /* LaunchScreen.storyboard */ = {
			isa = PBXVariantGroup;
			children = (
				CEA1054B1C8579CC007BF5DB /* Base */,
			);
			name = LaunchScreen.storyboard;
			sourceTree = "<group>";
		};
/* End PBXVariantGroup section */

/* Begin XCBuildConfiguration section */
		CEA105641C8579CD007BF5DB /* Debug */ = {
			isa = XCBuildConfiguration;
			buildSettings = {
				ALWAYS_SEARCH_USER_PATHS = NO;
				CLANG_CXX_LANGUAGE_STANDARD = "gnu++0x";
				CLANG_CXX_LIBRARY = "libc++";
				CLANG_ENABLE_MODULES = YES;
				CLANG_ENABLE_OBJC_ARC = YES;
				CLANG_WARN_BOOL_CONVERSION = YES;
				CLANG_WARN_CONSTANT_CONVERSION = YES;
				CLANG_WARN_DIRECT_OBJC_ISA_USAGE = YES_ERROR;
				CLANG_WARN_EMPTY_BODY = YES;
				CLANG_WARN_ENUM_CONVERSION = YES;
				CLANG_WARN_INT_CONVERSION = YES;
				CLANG_WARN_OBJC_ROOT_CLASS = YES_ERROR;
				CLANG_WARN_UNREACHABLE_CODE = YES;
				CLANG_WARN__DUPLICATE_METHOD_MATCH = YES;
				"CODE_SIGN_IDENTITY[sdk=iphoneos*]" = "iPhone Developer";
				COPY_PHASE_STRIP = NO;
				DEBUG_INFORMATION_FORMAT = dwarf;
				ENABLE_STRICT_OBJC_MSGSEND = YES;
				ENABLE_TESTABILITY = YES;
				GCC_C_LANGUAGE_STANDARD = gnu99;
				GCC_DYNAMIC_NO_PIC = NO;
				GCC_NO_COMMON_BLOCKS = YES;
				GCC_OPTIMIZATION_LEVEL = 0;
				GCC_PREPROCESSOR_DEFINITIONS = (
					"DEBUG=1",
					"$(inherited)",
				);
				GCC_WARN_64_TO_32_BIT_CONVERSION = YES;
				GCC_WARN_ABOUT_RETURN_TYPE = YES_ERROR;
				GCC_WARN_UNDECLARED_SELECTOR = YES;
				GCC_WARN_UNINITIALIZED_AUTOS = YES_AGGRESSIVE;
				GCC_WARN_UNUSED_FUNCTION = YES;
				GCC_WARN_UNUSED_VARIABLE = YES;
				IPHONEOS_DEPLOYMENT_TARGET = 9.2;
				MTL_ENABLE_DEBUG_INFO = YES;
				ONLY_ACTIVE_ARCH = YES;
				SDKROOT = iphoneos;
			};
			name = Debug;
		};
		CEA105651C8579CD007BF5DB /* Release */ = {
			isa = XCBuildConfiguration;
			buildSettings = {
				ALWAYS_SEARCH_USER_PATHS = NO;
				CLANG_CXX_LANGUAGE_STANDARD = "gnu++0x";
				CLANG_CXX_LIBRARY = "libc++";
				CLANG_ENABLE_MODULES = YES;
				CLANG_ENABLE_OBJC_ARC = YES;
				CLANG_WARN_BOOL_CONVERSION = YES;
				CLANG_WARN_CONSTANT_CONVERSION = YES;
				CLANG_WARN_DIRECT_OBJC_ISA_USAGE = YES_ERROR;
				CLANG_WARN_EMPTY_BODY = YES;
				CLANG_WARN_ENUM_CONVERSION = YES;
				CLANG_WARN_INT_CONVERSION = YES;
				CLANG_WARN_OBJC_ROOT_CLASS = YES_ERROR;
				CLANG_WARN_UNREACHABLE_CODE = YES;
				CLANG_WARN__DUPLICATE_METHOD_MATCH = YES;
				"CODE_SIGN_IDENTITY[sdk=iphoneos*]" = "iPhone Developer";
				COPY_PHASE_STRIP = NO;
				DEBUG_INFORMATION_FORMAT = "dwarf-with-dsym";
				ENABLE_NS_ASSERTIONS = NO;
				ENABLE_STRICT_OBJC_MSGSEND = YES;
				GCC_C_LANGUAGE_STANDARD = gnu99;
				GCC_NO_COMMON_BLOCKS = YES;
				GCC_WARN_64_TO_32_BIT_CONVERSION = YES;
				GCC_WARN_ABOUT_RETURN_TYPE = YES_ERROR;
				GCC_WARN_UNDECLARED_SELECTOR = YES;
				GCC_WARN_UNINITIALIZED_AUTOS = YES_AGGRESSIVE;
				GCC_WARN_UNUSED_FUNCTION = YES;
				GCC_WARN_UNUSED_VARIABLE = YES;
				IPHONEOS_DEPLOYMENT_TARGET = 9.2;
				MTL_ENABLE_DEBUG_INFO = NO;
				SDKROOT = iphoneos;
				VALIDATE_PRODUCT = YES;
			};
			name = Release;
		};
		CEA105671C8579CD007BF5DB /* Debug */ = {
			isa = XCBuildConfiguration;
			baseConfigurationReference = 93C218C976854C9B65B3950D /* Pods-PersonalHealthHelper.debug.xcconfig */;
			buildSettings = {
				ASSETCATALOG_COMPILER_APPICON_NAME = AppIcon;
				CLANG_ENABLE_MODULES = YES;
				EMBEDDED_CONTENT_CONTAINS_SWIFT = YES;
				GCC_PREFIX_HEADER = "$(SRCROOT)/PersonalHealthHelper/PrefixHeader.pch";
				INFOPLIST_FILE = PersonalHealthHelper/Info.plist;
				LD_RUNPATH_SEARCH_PATHS = "$(inherited) @executable_path/Frameworks";
				PRODUCT_BUNDLE_IDENTIFIER = com.ph.PersonalHealthHelper;
				PRODUCT_NAME = "$(TARGET_NAME)";
				SWIFT_OBJC_BRIDGING_HEADER = "ShowApiRequest-Bridging-Header.h";
				SWIFT_OPTIMIZATION_LEVEL = "-Onone";
				USER_HEADER_SEARCH_PATHS = "$(SRCROOT)/**";
			};
			name = Debug;
		};
		CEA105681C8579CD007BF5DB /* Release */ = {
			isa = XCBuildConfiguration;
			baseConfigurationReference = EF2D5672FA2B596E9666C8B9 /* Pods-PersonalHealthHelper.release.xcconfig */;
			buildSettings = {
				ASSETCATALOG_COMPILER_APPICON_NAME = AppIcon;
				CLANG_ENABLE_MODULES = YES;
				EMBEDDED_CONTENT_CONTAINS_SWIFT = YES;
				GCC_PREFIX_HEADER = "$(SRCROOT)/PersonalHealthHelper/PrefixHeader.pch";
				INFOPLIST_FILE = PersonalHealthHelper/Info.plist;
				LD_RUNPATH_SEARCH_PATHS = "$(inherited) @executable_path/Frameworks";
				PRODUCT_BUNDLE_IDENTIFIER = com.ph.PersonalHealthHelper;
				PRODUCT_NAME = "$(TARGET_NAME)";
				SWIFT_OBJC_BRIDGING_HEADER = "ShowApiRequest-Bridging-Header.h";
				USER_HEADER_SEARCH_PATHS = "$(SRCROOT)/**";
			};
			name = Release;
		};
		CEA1056A1C8579CD007BF5DB /* Debug */ = {
			isa = XCBuildConfiguration;
			buildSettings = {
				BUNDLE_LOADER = "$(TEST_HOST)";
				INFOPLIST_FILE = PersonalHealthHelperTests/Info.plist;
				LD_RUNPATH_SEARCH_PATHS = "$(inherited) @executable_path/Frameworks @loader_path/Frameworks";
				PRODUCT_BUNDLE_IDENTIFIER = com.ph.PersonalHealthHelperTests;
				PRODUCT_NAME = "$(TARGET_NAME)";
				TEST_HOST = "$(BUILT_PRODUCTS_DIR)/PersonalHealthHelper.app/PersonalHealthHelper";
			};
			name = Debug;
		};
		CEA1056B1C8579CD007BF5DB /* Release */ = {
			isa = XCBuildConfiguration;
			buildSettings = {
				BUNDLE_LOADER = "$(TEST_HOST)";
				INFOPLIST_FILE = PersonalHealthHelperTests/Info.plist;
				LD_RUNPATH_SEARCH_PATHS = "$(inherited) @executable_path/Frameworks @loader_path/Frameworks";
				PRODUCT_BUNDLE_IDENTIFIER = com.ph.PersonalHealthHelperTests;
				PRODUCT_NAME = "$(TARGET_NAME)";
				TEST_HOST = "$(BUILT_PRODUCTS_DIR)/PersonalHealthHelper.app/PersonalHealthHelper";
			};
			name = Release;
		};
		CEA1056D1C8579CD007BF5DB /* Debug */ = {
			isa = XCBuildConfiguration;
			buildSettings = {
				INFOPLIST_FILE = PersonalHealthHelperUITests/Info.plist;
				LD_RUNPATH_SEARCH_PATHS = "$(inherited) @executable_path/Frameworks @loader_path/Frameworks";
				PRODUCT_BUNDLE_IDENTIFIER = com.ph.PersonalHealthHelperUITests;
				PRODUCT_NAME = "$(TARGET_NAME)";
				TEST_TARGET_NAME = PersonalHealthHelper;
				USES_XCTRUNNER = YES;
			};
			name = Debug;
		};
		CEA1056E1C8579CD007BF5DB /* Release */ = {
			isa = XCBuildConfiguration;
			buildSettings = {
				INFOPLIST_FILE = PersonalHealthHelperUITests/Info.plist;
				LD_RUNPATH_SEARCH_PATHS = "$(inherited) @executable_path/Frameworks @loader_path/Frameworks";
				PRODUCT_BUNDLE_IDENTIFIER = com.ph.PersonalHealthHelperUITests;
				PRODUCT_NAME = "$(TARGET_NAME)";
				TEST_TARGET_NAME = PersonalHealthHelper;
				USES_XCTRUNNER = YES;
			};
			name = Release;
		};
/* End XCBuildConfiguration section */

/* Begin XCConfigurationList section */
		CEA105341C8579CC007BF5DB /* Build configuration list for PBXProject "PersonalHealthHelper" */ = {
			isa = XCConfigurationList;
			buildConfigurations = (
				CEA105641C8579CD007BF5DB /* Debug */,
				CEA105651C8579CD007BF5DB /* Release */,
			);
			defaultConfigurationIsVisible = 0;
			defaultConfigurationName = Release;
		};
		CEA105661C8579CD007BF5DB /* Build configuration list for PBXNativeTarget "PersonalHealthHelper" */ = {
			isa = XCConfigurationList;
			buildConfigurations = (
				CEA105671C8579CD007BF5DB /* Debug */,
				CEA105681C8579CD007BF5DB /* Release */,
			);
			defaultConfigurationIsVisible = 0;
			defaultConfigurationName = Release;
		};
		CEA105691C8579CD007BF5DB /* Build configuration list for PBXNativeTarget "PersonalHealthHelperTests" */ = {
			isa = XCConfigurationList;
			buildConfigurations = (
				CEA1056A1C8579CD007BF5DB /* Debug */,
				CEA1056B1C8579CD007BF5DB /* Release */,
			);
			defaultConfigurationIsVisible = 0;
			defaultConfigurationName = Release;
		};
		CEA1056C1C8579CD007BF5DB /* Build configuration list for PBXNativeTarget "PersonalHealthHelperUITests" */ = {
			isa = XCConfigurationList;
			buildConfigurations = (
				CEA1056D1C8579CD007BF5DB /* Debug */,
				CEA1056E1C8579CD007BF5DB /* Release */,
			);
			defaultConfigurationIsVisible = 0;
			defaultConfigurationName = Release;
		};
/* End XCConfigurationList section */
	};
	rootObject = CEA105311C8579CC007BF5DB /* Project object */;
}
